# This file is automatically @generated by Poetry 2.0.0 and should not be changed by hand.

[[package]]
name = "enum34"
version = "1.1.10"
description = "Python 3.4 Enum backported to 3.3, 3.2, 3.1, 2.7, 2.6, 2.5, and 2.4"
optional = false
python-versions = "*"
groups = ["main"]
files = [
    {file = "enum34-1.1.10-py2-none-any.whl", hash = "sha256:a98a201d6de3f2ab3db284e70a33b0f896fbf35f8086594e8c9e74b909058d53"},
    {file = "enum34-1.1.10-py3-none-any.whl", hash = "sha256:c3858660960c984d6ab0ebad691265180da2b43f07e061c0f8dca9ef3cffd328"},
    {file = "enum34-1.1.10.tar.gz", hash = "sha256:cce6a7477ed816bd2542d03d53db9f0db935dd013b70f336a95c73979289f248"},
]

[[package]]
name = "pycrypto"
version = "2.6.1"
description = "Cryptographic modules for Python."
optional = false
python-versions = "*"
groups = ["main"]
files = [
    {file = "pycrypto-2.6.1.tar.gz", hash = "sha256:f2ce1e989b272cfcb677616763e0a2e7ec659effa67a88aa92b3a65528f60a3c"},
]

[[package]]
name = "pydes"
version = "2.0.1"
description = "Pure python implementation of DES and TRIPLE DES encryption algorithm"
optional = false
python-versions = "*"
groups = ["main"]
files = [
    {file = "pyDes-2.0.1.tar.gz", hash = "sha256:e2ab8e21d2b83e90d90dbfdcb6fb8ac0000b813238b7ecaede04f8435c389012"},
]

[[package]]
name = "pyscard"
version = "2.2.1"
description = "Smartcard module for Python."
optional = false
python-versions = ">=3.9"
groups = ["main"]
files = [
    {file = "pyscard-2.2.1-cp310-cp310-macosx_10_9_universal2.whl", hash = "sha256:e0e85b8a0a316690be7d5b2e85302651f0443db271a8ca77cb09f8a6fdd6ebfa"},
    {file = "pyscard-2.2.1-cp310-cp310-win32.whl", hash = "sha256:fcac209666236bd08d876834f8233046713139490b46a37baa19e4eee959d003"},
    {file = "pyscard-2.2.1-cp310-cp310-win_amd64.whl", hash = "sha256:4a638bc33d6c6b4a95ac4e7b5eb4426b3e1d0c5b74e018a650294473456b43c3"},
    {file = "pyscard-2.2.1-cp311-cp311-macosx_10_9_universal2.whl", hash = "sha256:21b458aef2baaf97a3dc719b7d6d94d9333d5cff703536688ee9881993607328"},
    {file = "pyscard-2.2.1-cp311-cp311-win32.whl", hash = "sha256:4bec90a07e25220a6eeaa2a6d6e45c60ce40b5e0f0c7059f03f16357c01e66a8"},
    {file = "pyscard-2.2.1-cp311-cp311-win_amd64.whl", hash = "sha256:aa886dda9d6dfc9acb58902dca1db6da7cf22a6dd284ded08ad6bf1ac7b207fc"},
    {file = "pyscard-2.2.1-cp312-cp312-macosx_10_13_universal2.whl", hash = "sha256:cc2157faa3e75bfb81f393215c2fb980757a5f466015acb6cd221769ba5fc52d"},
    {file = "pyscard-2.2.1-cp312-cp312-macosx_14_0_x86_64.whl", hash = "sha256:8a682ecb2ac56d88f265f2bc0afe032f8ffc2ec544f384d7a0cdea2d08cae35c"},
    {file = "pyscard-2.2.1-cp312-cp312-win32.whl", hash = "sha256:0a96499b4e910ad4a8244d5406dc6afb4c91812e1124b992832b48e9e4d93b7e"},
    {file = "pyscard-2.2.1-cp312-cp312-win_amd64.whl", hash = "sha256:7acb878270ee58379474646fa6be17dd101b8d870eeadb004f3c2cad736b0b09"},
    {file = "pyscard-2.2.1-cp313-cp313-macosx_10_13_universal2.whl", hash = "sha256:803b52f04389456a011ae8b3c02bcdc232e69b32c137b8b5c8695430bb2006af"},
    {file = "pyscard-2.2.1-cp313-cp313-macosx_14_0_x86_64.whl", hash = "sha256:dc926ba396c1fa6e4db1007b9e62b2f330c79c943c3bbbb893908f589071fc86"},
    {file = "pyscard-2.2.1-cp313-cp313-win32.whl", hash = "sha256:2aca599294cd5178d359627b9b58a8e636ea3ebd73b70da79a95c684be985c83"},
    {file = "pyscard-2.2.1-cp313-cp313-win_amd64.whl", hash = "sha256:9c33a6cd75479f3f2e1f812399d228e371f030d6f0630b69c34a02519bbf6dca"},
    {file = "pyscard-2.2.1-cp39-cp39-macosx_10_9_universal2.whl", hash = "sha256:affafc324ed4a8e735c392e7576f8b55c26a7f2c4f529e3ccb2adf88531d85a4"},
    {file = "pyscard-2.2.1-cp39-cp39-win32.whl", hash = "sha256:b209b6f4c996f9c4a7e04fb3e3e8210f4175986b2bc36ef5d735667d53071381"},
    {file = "pyscard-2.2.1-cp39-cp39-win_amd64.whl", hash = "sha256:4b7615ff1c6b620136ce554e528affe93bdd9f705601ac23453c2c5d56bf979b"},
    {file = "pyscard-2.2.1.tar.gz", hash = "sha256:920e688a5108224cb19b915c3fd7ea7cf3d1aa379587ffd087973e84c13f8d94"},
]

[package.extras]
gui = ["wxPython"]

[metadata]
lock-version = "2.1"
python-versions = ">=3.11"
content-hash = "87a990515a331b026128552aa1d7c18e71c33154bf57e4900b46c5315cb68d4f"
